
Microsoft Visual Studio Solution File, Format Version 12.00
# Visual Studio Version 16
VisualStudioVersion = 16.0.30204.135
MinimumVisualStudioVersion = 10.0.40219.1
Project("{FAE04EC0-301F-11D3-BF4B-00C04F79EFBC}") = "MyCellAutomaton", "MyCellAutomaton\MyCellAutomaton.csproj", "{F7C5DF1F-E0DA-40E3-8388-E8DBF76B7E2C}"
EndProject
Global
	GlobalSection(SolutionConfigurationPlatforms) = preSolution
		Debug|Any CPU = Debug|Any CPU
		Release|Any CPU = Release|Any CPU
	EndGlobalSection
	GlobalSection(ProjectConfigurationPlatforms) = postSolution
		{F7C5DF1F-E0DA-40E3-8388-E8DBF76B7E2C}.Debug|Any CPU.ActiveCfg = Debug|Any CPU
		{F7C5DF1F-E0DA-40E3-8388-E8DBF76B7E2C}.Debug|Any CPU.Build.0 = Debug|Any CPU
		{F7C5DF1F-E0DA-40E3-8388-E8DBF76B7E2C}.Release|Any CPU.ActiveCfg = Release|Any CPU
		{F7C5DF1F-E0DA-40E3-8388-E8DBF76B7E2C}.Release|Any CPU.Build.0 = Release|Any CPU
	EndGlobalSection
	GlobalSection(SolutionProperties) = preSolution
		HideSolutionNode = FALSE
	EndGlobalSection
	GlobalSection(ExtensibilityGlobals) = postSolution
		SolutionGuid = {5F967C52-1A03-4820-8910-AFAF0CDAD5B6}
	EndGlobalSection
EndGlobal
